
Microsoft Visual Studio Solution File, Format Version 12.00
# Visual Studio Version 17
VisualStudioVersion = 17.5.33414.496
MinimumVisualStudioVersion = 10.0.40219.1
Project("{FAE04EC0-301F-11D3-BF4B-00C04F79EFBC}") = "modul9_1302213089", "modul9_1302213089\modul9_1302213089.csproj", "{891FC1A3-BA47-4350-B8CE-6E80E0A3A8A8}"
EndProject
Global
	GlobalSection(SolutionConfigurationPlatforms) = preSolution
		Debug|Any CPU = Debug|Any CPU
		Release|Any CPU = Release|Any CPU
	EndGlobalSection
	GlobalSection(ProjectConfigurationPlatforms) = postSolution
		{891FC1A3-BA47-4350-B8CE-6E80E0A3A8A8}.Debug|Any CPU.ActiveCfg = Debug|Any CPU
		{891FC1A3-BA47-4350-B8CE-6E80E0A3A8A8}.Debug|Any CPU.Build.0 = Debug|Any CPU
		{891FC1A3-BA47-4350-B8CE-6E80E0A3A8A8}.Release|Any CPU.ActiveCfg = Release|Any CPU
		{891FC1A3-BA47-4350-B8CE-6E80E0A3A8A8}.Release|Any CPU.Build.0 = Release|Any CPU
	EndGlobalSection
	GlobalSection(SolutionProperties) = preSolution
		HideSolutionNode = FALSE
	EndGlobalSection
	GlobalSection(ExtensibilityGlobals) = postSolution
		SolutionGuid = {80AE120A-949E-4B5A-B3D2-975947B223BF}
	EndGlobalSection
EndGlobal
